// !$*UTF8*$!
{
	archiveVersion = 1;
	classes = {
	};
	objectVersion = 50;
	objects = {

/* Begin PBXBuildFile section */
		2C7796A3234E4BAE00F136A2 /* AppDelegate.swift in Sources */ = {isa = PBXBuildFile; fileRef = 2C7796A2234E4BAE00F136A2 /* AppDelegate.swift */; };
		2C7796A8234E4BAE00F136A2 /* Main.storyboard in Resources */ = {isa = PBXBuildFile; fileRef = 2C7796A6234E4BAE00F136A2 /* Main.storyboard */; };
		2C7796AA234E4BB000F136A2 /* Assets.xcassets in Resources */ = {isa = PBXBuildFile; fileRef = 2C7796A9234E4BB000F136A2 /* Assets.xcassets */; };
		2C7796AD234E4BB000F136A2 /* LaunchScreen.storyboard in Resources */ = {isa = PBXBuildFile; fileRef = 2C7796AB234E4BB000F136A2 /* LaunchScreen.storyboard */; };
		2C7796B5234E4C0D00F136A2 /* homeImagesTableViewController.swift in Sources */ = {isa = PBXBuildFile; fileRef = 2C7796B4234E4C0D00F136A2 /* homeImagesTableViewController.swift */; };
		2C7796B7234E571100F136A2 /* selectImageViewController.swift in Sources */ = {isa = PBXBuildFile; fileRef = 2C7796B6234E571100F136A2 /* selectImageViewController.swift */; };
		2C7796B9234E696D00F136A2 /* homeImagesTableTableViewCell.swift in Sources */ = {isa = PBXBuildFile; fileRef = 2C7796B8234E696D00F136A2 /* homeImagesTableTableViewCell.swift */; };
/* End PBXBuildFile section */

/* Begin PBXFileReference section */
		2C77969F234E4BAE00F136A2 /* tableViewWhitImages.app */ = {isa = PBXFileReference; explicitFileType = wrapper.application; includeInIndex = 0; path = tableViewWhitImages.app; sourceTree = BUILT_PRODUCTS_DIR; };
		2C7796A2234E4BAE00F136A2 /* AppDelegate.swift */ = {isa = PBXFileReference; lastKnownFileType = sourcecode.swift; path = AppDelegate.swift; sourceTree = "<group>"; };
		2C7796A7234E4BAE00F136A2 /* Base */ = {isa = PBXFileReference; lastKnownFileType = file.storyboard; name = Base; path = Base.lproj/Main.storyboard; sourceTree = "<group>"; };
		2C7796A9234E4BB000F136A2 /* Assets.xcassets */ = {isa = PBXFileReference; lastKnownFileType = folder.assetcatalog; path = Assets.xcassets; sourceTree = "<group>"; };
		2C7796AC234E4BB000F136A2 /* Base */ = {isa = PBXFileReference; lastKnownFileType = file.storyboard; name = Base; path = Base.lproj/LaunchScreen.storyboard; sourceTree = "<group>"; };
		2C7796AE234E4BB000F136A2 /* Info.plist */ = {isa = PBXFileReference; lastKnownFileType = text.plist.xml; path = Info.plist; sourceTree = "<group>"; };
		2C7796B4234E4C0D00F136A2 /* homeImagesTableViewController.swift */ = {isa = PBXFileReference; lastKnownFileType = sourcecode.swift; path = homeImagesTableViewController.swift; sourceTree = "<group>"; };
		2C7796B6234E571100F136A2 /* selectImageViewController.swift */ = {isa = PBXFileReference; lastKnownFileType = sourcecode.swift; path = selectImageViewController.swift; sourceTree = "<group>"; };
		2C7796B8234E696D00F136A2 /* homeImagesTableTableViewCell.swift */ = {isa = PBXFileReference; lastKnownFileType = sourcecode.swift; path = homeImagesTableTableViewCell.swift; sourceTree = "<group>"; };
/* End PBXFileReference section */

/* Begin PBXFrameworksBuildPhase section */
		2C77969C234E4BAE00F136A2 /* Frameworks */ = {
			isa = PBXFrameworksBuildPhase;
			buildActionMask = 2147483647;
			files = (
			);
			runOnlyForDeploymentPostprocessing = 0;
		};
/* End PBXFrameworksBuildPhase section */

/* Begin PBXGroup section */
		2C779696234E4BAE00F136A2 = {
			isa = PBXGroup;
			children = (
				2C7796A1234E4BAE00F136A2 /* tableViewWhitImages */,
				2C7796A0234E4BAE00F136A2 /* Products */,
			);
			sourceTree = "<group>";
		};
		2C7796A0234E4BAE00F136A2 /* Products */ = {
			isa = PBXGroup;
			children = (
				2C77969F234E4BAE00F136A2 /* tableViewWhitImages.app */,
			);
			name = Products;
			sourceTree = "<group>";
		};
		2C7796A1234E4BAE00F136A2 /* tableViewWhitImages */ = {
			isa = PBXGroup;
			children = (
				2C7796A2234E4BAE00F136A2 /* AppDelegate.swift */,
				2C7796B4234E4C0D00F136A2 /* homeImagesTableViewController.swift */,
				2C7796B6234E571100F136A2 /* selectImageViewController.swift */,
				2C7796A6234E4BAE00F136A2 /* Main.storyboard */,
				2C7796A9234E4BB000F136A2 /* Assets.xcassets */,
				2C7796AB234E4BB000F136A2 /* LaunchScreen.storyboard */,
				2C7796AE234E4BB000F136A2 /* Info.plist */,
				2C7796B8234E696D00F136A2 /* homeImagesTableTableViewCell.swift */,
			);
			path = tableViewWhitImages;
			sourceTree = "<group>";
		};
/* End PBXGroup section */

/* Begin PBXNativeTarget section */
		2C77969E234E4BAE00F136A2 /* tableViewWhitImages */ = {
			isa = PBXNativeTarget;
			buildConfigurationList = 2C7796B1234E4BB000F136A2 /* Build configuration list for PBXNativeTarget "tableViewWhitImages" */;
			buildPhases = (
				2C77969B234E4BAE00F136A2 /* Sources */,
				2C77969C234E4BAE00F136A2 /* Frameworks */,
				2C77969D234E4BAE00F136A2 /* Resources */,
			);
			buildRules = (
			);
			dependencies = (
			);
			name = tableViewWhitImages;
			productName = tableViewWhitImages;
			productReference = 2C77969F234E4BAE00F136A2 /* tableViewWhitImages.app */;
			productType = "com.apple.product-type.application";
		};
/* End PBXNativeTarget section */

/* Begin PBXProject section */
		2C779697234E4BAE00F136A2 /* Project object */ = {
			isa = PBXProject;
			attributes = {
				LastSwiftUpdateCheck = 1020;
				LastUpgradeCheck = 1020;
				ORGANIZATIONNAME = Sento40;
				TargetAttributes = {
					2C77969E234E4BAE00F136A2 = {
						CreatedOnToolsVersion = 10.2.1;
					};
				};
			};
			buildConfigurationList = 2C77969A234E4BAE00F136A2 /* Build configuration list for PBXProject "tableViewWhitImages" */;
			compatibilityVersion = "Xcode 9.3";
			developmentRegion = en;
			hasScannedForEncodings = 0;
			knownRegions = (
				en,
				Base,
			);
			mainGroup = 2C779696234E4BAE00F136A2;
			productRefGroup = 2C7796A0234E4BAE00F136A2 /* Products */;
			projectDirPath = "";
			projectRoot = "";
			targets = (
				2C77969E234E4BAE00F136A2 /* tableViewWhitImages */,
			);
		};
/* End PBXProject section */

/* Begin PBXResourcesBuildPhase section */
		2C77969D234E4BAE00F136A2 /* Resources */ = {
			isa = PBXResourcesBuildPhase;
			buildActionMask = 2147483647;
			files = (
				2C7796AD234E4BB000F136A2 /* LaunchScreen.storyboard in Resources */,
				2C7796AA234E4BB000F136A2 /* Assets.xcassets in Resources */,
				2C7796A8234E4BAE00F136A2 /* Main.storyboard in Resources */,
			);
			runOnlyForDeploymentPostprocessing = 0;
		};
/* End PBXResourcesBuildPhase section */

/* Begin PBXSourcesBuildPhase section */
		2C77969B234E4BAE00F136A2 /* Sources */ = {
			isa = PBXSourcesBuildPhase;
			buildActionMask = 2147483647;
			files = (
				2C7796B5234E4C0D00F136A2 /* homeImagesTableViewController.swift in Sources */,
				2C7796A3234E4BAE00F136A2 /* AppDelegate.swift in Sources */,
				2C7796B7234E571100F136A2 /* selectImageViewController.swift in Sources */,
				2C7796B9234E696D00F136A2 /* homeImagesTableTableViewCell.swift in Sources */,
			);
			runOnlyForDeploymentPostprocessing = 0;
		};
/* End PBXSourcesBuildPhase section */

/* Begin PBXVariantGroup section */
		2C7796A6234E4BAE00F136A2 /* Main.storyboard */ = {
			isa = PBXVariantGroup;
			children = (
				2C7796A7234E4BAE00F136A2 /* Base */,
			);
			name = Main.storyboard;
			sourceTree = "<group>";
		};
		2C7796AB234E4BB000F136A2 /* LaunchScreen.storyboard */ = {
			isa = PBXVariantGroup;
			children = (
				2C7796AC234E4BB000F136A2 /* Base */,
			);
			name = LaunchScreen.storyboard;
			sourceTree = "<group>";
		};
/* End PBXVariantGroup section */

/* Begin XCBuildConfiguration section */
		2C7796AF234E4BB000F136A2 /* Debug */ = {
			isa = XCBuildConfiguration;
			buildSettings = {
				ALWAYS_SEARCH_USER_PATHS = NO;
				CLANG_ANALYZER_NONNULL = YES;
				CLANG_ANALYZER_NUMBER_OBJECT_CONVERSION = YES_AGGRESSIVE;
				CLANG_CXX_LANGUAGE_STANDARD = "gnu++14";
				CLANG_CXX_LIBRARY = "libc++";
				CLANG_ENABLE_MODULES = YES;
				CLANG_ENABLE_OBJC_ARC = YES;
				CLANG_ENABLE_OBJC_WEAK = YES;
				CLANG_WARN_BLOCK_CAPTURE_AUTORELEASING = YES;
				CLANG_WARN_BOOL_CONVERSION = YES;
				CLANG_WARN_COMMA = YES;
				CLANG_WARN_CONSTANT_CONVERSION = YES;
				CLANG_WARN_DEPRECATED_OBJC_IMPLEMENTATIONS = YES;
				CLANG_WARN_DIRECT_OBJC_ISA_USAGE = YES_ERROR;
				CLANG_WARN_DOCUMENTATION_COMMENTS = YES;
				CLANG_WARN_EMPTY_BODY = YES;
				CLANG_WARN_ENUM_CONVERSION = YES;
				CLANG_WARN_INFINITE_RECURSION = YES;
				CLANG_WARN_INT_CONVERSION = YES;
				CLANG_WARN_NON_LITERAL_NULL_CONVERSION = YES;
				CLANG_WARN_OBJC_IMPLICIT_RETAIN_SELF = YES;
				CLANG_WARN_OBJC_LITERAL_CONVERSION = YES;
				CLANG_WARN_OBJC_ROOT_CLASS = YES_ERROR;
				CLANG_WARN_RANGE_LOOP_ANALYSIS = YES;
				CLANG_WARN_STRICT_PROTOTYPES = YES;
				CLANG_WARN_SUSPICIOUS_MOVE = YES;
				CLANG_WARN_UNGUARDED_AVAILABILITY = YES_AGGRESSIVE;
				CLANG_WARN_UNREACHABLE_CODE = YES;
				CLANG_WARN__DUPLICATE_METHOD_MATCH = YES;
				CODE_SIGN_IDENTITY = "iPhone Developer";
				COPY_PHASE_STRIP = NO;
				DEBUG_INFORMATION_FORMAT = dwarf;
				ENABLE_STRICT_OBJC_MSGSEND = YES;
				ENABLE_TESTABILITY = YES;
				GCC_C_LANGUAGE_STANDARD = gnu11;
				GCC_DYNAMIC_NO_PIC = NO;
				GCC_NO_COMMON_BLOCKS = YES;
				GCC_OPTIMIZATION_LEVEL = 0;
				GCC_PREPROCESSOR_DEFINITIONS = (
					"DEBUG=1",
					"$(inherited)",
				);
				GCC_WARN_64_TO_32_BIT_CONVERSION = YES;
				GCC_WARN_ABOUT_RETURN_TYPE = YES_ERROR;
				GCC_WARN_UNDECLARED_SELECTOR = YES;
				GCC_WARN_UNINITIALIZED_AUTOS = YES_AGGRESSIVE;
				GCC_WARN_UNUSED_FUNCTION = YES;
				GCC_WARN_UNUSED_VARIABLE = YES;
				IPHONEOS_DEPLOYMENT_TARGET = 12.2;
				MTL_ENABLE_DEBUG_INFO = INCLUDE_SOURCE;
				MTL_FAST_MATH = YES;
				ONLY_ACTIVE_ARCH = YES;
				SDKROOT = iphoneos;
				SWIFT_ACTIVE_COMPILATION_CONDITIONS = DEBUG;
				SWIFT_OPTIMIZATION_LEVEL = "-Onone";
			};
			name = Debug;
		};
		2C7796B0234E4BB000F136A2 /* Release */ = {
			isa = XCBuildConfiguration;
			buildSettings = {
				ALWAYS_SEARCH_USER_PATHS = NO;
				CLANG_ANALYZER_NONNULL = YES;
				CLANG_ANALYZER_NUMBER_OBJECT_CONVERSION = YES_AGGRESSIVE;
				CLANG_CXX_LANGUAGE_STANDARD = "gnu++14";
				CLANG_CXX_LIBRARY = "libc++";
				CLANG_ENABLE_MODULES = YES;
				CLANG_ENABLE_OBJC_ARC = YES;
				CLANG_ENABLE_OBJC_WEAK = YES;
				CLANG_WARN_BLOCK_CAPTURE_AUTORELEASING = YES;
				CLANG_WARN_BOOL_CONVERSION = YES;
				CLANG_WARN_COMMA = YES;
				CLANG_WARN_CONSTANT_CONVERSION = YES;
				CLANG_WARN_DEPRECATED_OBJC_IMPLEMENTATIONS = YES;
				CLANG_WARN_DIRECT_OBJC_ISA_USAGE = YES_ERROR;
				CLANG_WARN_DOCUMENTATION_COMMENTS = YES;
				CLANG_WARN_EMPTY_BODY = YES;
				CLANG_WARN_ENUM_CONVERSION = YES;
				CLANG_WARN_INFINITE_RECURSION = YES;
				CLANG_WARN_INT_CONVERSION = YES;
				CLANG_WARN_NON_LITERAL_NULL_CONVERSION = YES;
				CLANG_WARN_OBJC_IMPLICIT_RETAIN_SELF = YES;
				CLANG_WARN_OBJC_LITERAL_CONVERSION = YES;
				CLANG_WARN_OBJC_ROOT_CLASS = YES_ERROR;
				CLANG_WARN_RANGE_LOOP_ANALYSIS = YES;
				CLANG_WARN_STRICT_PROTOTYPES = YES;
				CLANG_WARN_SUSPICIOUS_MOVE = YES;
				CLANG_WARN_UNGUARDED_AVAILABILITY = YES_AGGRESSIVE;
				CLANG_WARN_UNREACHABLE_CODE = YES;
				CLANG_WARN__DUPLICATE_METHOD_MATCH = YES;
				CODE_SIGN_IDENTITY = "iPhone Developer";
				COPY_PHASE_STRIP = NO;
				DEBUG_INFORMATION_FORMAT = "dwarf-with-dsym";
				ENABLE_NS_ASSERTIONS = NO;
				ENABLE_STRICT_OBJC_MSGSEND = YES;
				GCC_C_LANGUAGE_STANDARD = gnu11;
				GCC_NO_COMMON_BLOCKS = YES;
				GCC_WARN_64_TO_32_BIT_CONVERSION = YES;
				GCC_WARN_ABOUT_RETURN_TYPE = YES_ERROR;
				GCC_WARN_UNDECLARED_SELECTOR = YES;
				GCC_WARN_UNINITIALIZED_AUTOS = YES_AGGRESSIVE;
				GCC_WARN_UNUSED_FUNCTION = YES;
				GCC_WARN_UNUSED_VARIABLE = YES;
				IPHONEOS_DEPLOYMENT_TARGET = 12.2;
				MTL_ENABLE_DEBUG_INFO = NO;
				MTL_FAST_MATH = YES;
				SDKROOT = iphoneos;
				SWIFT_COMPILATION_MODE = wholemodule;
				SWIFT_OPTIMIZATION_LEVEL = "-O";
				VALIDATE_PRODUCT = YES;
			};
			name = Release;
		};
		2C7796B2234E4BB000F136A2 /* Debug */ = {
			isa = XCBuildConfiguration;
			buildSettings = {
				ASSETCATALOG_COMPILER_APPICON_NAME = AppIcon;
				CODE_SIGN_STYLE = Automatic;
				DEVELOPMENT_TEAM = 6YF6JN5T7V;
				INFOPLIST_FILE = tableViewWhitImages/Info.plist;
				IPHONEOS_DEPLOYMENT_TARGET = 11.0;
				LD_RUNPATH_SEARCH_PATHS = (
					"$(inherited)",
					"@executable_path/Frameworks",
				);
				PRODUCT_BUNDLE_IDENTIFIER = com.Sento40.tableViewWhitImages;
				PRODUCT_NAME = "$(TARGET_NAME)";
				SWIFT_VERSION = 5.0;
				TARGETED_DEVICE_FAMILY = "1,2";
			};
			name = Debug;
		};
		2C7796B3234E4BB000F136A2 /* Release */ = {
			isa = XCBuildConfiguration;
			buildSettings = {
				ASSETCATALOG_COMPILER_APPICON_NAME = AppIcon;
				CODE_SIGN_STYLE = Automatic;
				DEVELOPMENT_TEAM = 6YF6JN5T7V;
				INFOPLIST_FILE = tableViewWhitImages/Info.plist;
				IPHONEOS_DEPLOYMENT_TARGET = 11.0;
				LD_RUNPATH_SEARCH_PATHS = (
					"$(inherited)",
					"@executable_path/Frameworks",
				);
				PRODUCT_BUNDLE_IDENTIFIER = com.Sento40.tableViewWhitImages;
				PRODUCT_NAME = "$(TARGET_NAME)";
				SWIFT_VERSION = 5.0;
				TARGETED_DEVICE_FAMILY = "1,2";
			};
			name = Release;
		};
/* End XCBuildConfiguration section */

/* Begin XCConfigurationList section */
		2C77969A234E4BAE00F136A2 /* Build configuration list for PBXProject "tableViewWhitImages" */ = {
			isa = XCConfigurationList;
			buildConfigurations = (
				2C7796AF234E4BB000F136A2 /* Debug */,
				2C7796B0234E4BB000F136A2 /* Release */,
			);
			defaultConfigurationIsVisible = 0;
			defaultConfigurationName = Release;
		};
		2C7796B1234E4BB000F136A2 /* Build configuration list for PBXNativeTarget "tableViewWhitImages" */ = {
			isa = XCConfigurationList;
			buildConfigurations = (
				2C7796B2234E4BB000F136A2 /* Debug */,
				2C7796B3234E4BB000F136A2 /* Release */,
			);
			defaultConfigurationIsVisible = 0;
			defaultConfigurationName = Release;
		};
/* End XCConfigurationList section */
	};
	rootObject = 2C779697234E4BAE00F136A2 /* Project object */;
}
